
Microsoft Visual Studio Solution File, Format Version 12.00
# Visual Studio Version 16
VisualStudioVersion = 16.0.31129.286
MinimumVisualStudioVersion = 10.0.40219.1
Project("{8BC9CEB8-8B4A-11D0-8D11-00A0C91BC942}") = "Fraction_for_myself", "Fraction_for_myself\Fraction_for_myself.vcxproj", "{CEF5E092-AFDD-47A7-A5C0-1BC43CA30A99}"
EndProject
Global
	GlobalSection(SolutionConfigurationPlatforms) = preSolution
		Debug|x64 = Debug|x64
		Debug|x86 = Debug|x86
		Release|x64 = Release|x64
		Release|x86 = Release|x86
	EndGlobalSection
	GlobalSection(ProjectConfigurationPlatforms) = postSolution
		{CEF5E092-AFDD-47A7-A5C0-1BC43CA30A99}.Debug|x64.ActiveCfg = Debug|x64
		{CEF5E092-AFDD-47A7-A5C0-1BC43CA30A99}.Debug|x64.Build.0 = Debug|x64
		{CEF5E092-AFDD-47A7-A5C0-1BC43CA30A99}.Debug|x86.ActiveCfg = Debug|Win32
		{CEF5E092-AFDD-47A7-A5C0-1BC43CA30A99}.Debug|x86.Build.0 = Debug|Win32
		{CEF5E092-AFDD-47A7-A5C0-1BC43CA30A99}.Release|x64.ActiveCfg = Release|x64
		{CEF5E092-AFDD-47A7-A5C0-1BC43CA30A99}.Release|x64.Build.0 = Release|x64
		{CEF5E092-AFDD-47A7-A5C0-1BC43CA30A99}.Release|x86.ActiveCfg = Release|Win32
		{CEF5E092-AFDD-47A7-A5C0-1BC43CA30A99}.Release|x86.Build.0 = Release|Win32
	EndGlobalSection
	GlobalSection(SolutionProperties) = preSolution
		HideSolutionNode = FALSE
	EndGlobalSection
	GlobalSection(ExtensibilityGlobals) = postSolution
		SolutionGuid = {FB375D45-7257-4E93-A578-95541DD5087C}
	EndGlobalSection
EndGlobal
